{
  "nodes": {
    "cachix-push": {
      "locked": {
        "lastModified": 1725315090,
        "narHash": "sha256-d/ZGRHfSGPEpCCNSVlfZ0ND2IZV0H9nN/3BLMA7d9fs=",
        "owner": "juspay",
        "repo": "cachix-push",
        "rev": "fbe9734921e19abc4830dc4ea425aaa82cf61991",
        "type": "github"
      },
      "original": {
        "owner": "juspay",
        "repo": "cachix-push",
        "type": "github"
      }
    },
    "crane": {
      "inputs": {
        "nixpkgs": [
          "rust-flake",
          "nixpkgs"
        ]
      },
      "locked": {
        "lastModified": 1718474113,
        "narHash": "sha256-UKrfy/46YF2TRnxTtKCYzqf2f5ZPRRWwKCCJb7O5X8U=",
        "owner": "ipetkov",
        "repo": "crane",
        "rev": "0095fd8ea00ae0a9e6014f39c375e40c2fbd3386",
        "type": "github"
      },
      "original": {
        "owner": "ipetkov",
        "repo": "crane",
        "type": "github"
      }
    },
    "devour-flake": {
      "flake": false,
      "locked": {
        "lastModified": 1726283167,
        "narHash": "sha256-Cvc84VzvvdmehafnaIPfdPylNWJcDmv79QQh/MH/4Qk=",
        "owner": "srid",
        "repo": "devour-flake",
        "rev": "9b96d31a55be119df8496ec5b7369823deec8a1c",
        "type": "github"
      },
      "original": {
        "owner": "srid",
        "repo": "devour-flake",
        "type": "github"
      }
    },
    "flake-parts": {
      "inputs": {
        "nixpkgs-lib": [
          "nixpkgs"
        ]
      },
      "locked": {
        "lastModified": 1725234343,
        "narHash": "sha256-+ebgonl3NbiKD2UD0x4BszCZQ6sTfL4xioaM49o5B3Y=",
        "owner": "hercules-ci",
        "repo": "flake-parts",
        "rev": "567b938d64d4b4112ee253b9274472dc3a346eb6",
        "type": "github"
      },
      "original": {
        "owner": "hercules-ci",
        "repo": "flake-parts",
        "type": "github"
      }
    },
    "inspect": {
      "flake": false,
      "locked": {
        "lastModified": 1726418650,
        "narHash": "sha256-Aabwu7gHQbKDU8mrbG2le6oqpbBl9oTbFvWEBFgXw/4=",
        "owner": "juspay",
        "repo": "inspect",
        "rev": "279cfa5c434e5bbebb4c07fa6af2deeb84e03bb0",
        "type": "github"
      },
      "original": {
        "owner": "juspay",
        "ref": "inventory-for-systems",
        "repo": "inspect",
        "type": "github"
      }
    },
    "nix-systems-aarch64-darwin": {
      "locked": {
        "lastModified": 1680978170,
        "narHash": "sha256-PHVNQ7y0EQYzujQRYoRdb96K0m1KSeAjSrbz2b75S6Q=",
        "owner": "nix-systems",
        "repo": "aarch64-darwin",
        "rev": "75e6c6912484d28ebba5769b794ffa4aff653ba2",
        "type": "github"
      },
      "original": {
        "owner": "nix-systems",
        "repo": "aarch64-darwin",
        "type": "github"
      }
    },
    "nix-systems-aarch64-linux": {
      "locked": {
        "lastModified": 1680978097,
        "narHash": "sha256-1Zp7TRYLXj4P5FLhQ8jBChrgAmQxR3iTypmWf9EFTnc=",
        "owner": "nix-systems",
        "repo": "aarch64-linux",
        "rev": "aa1ce1b64c822dff925d63d3e771113f71ada1bb",
        "type": "github"
      },
      "original": {
        "owner": "nix-systems",
        "repo": "aarch64-linux",
        "type": "github"
      }
    },
    "nix-systems-x86_64-darwin": {
      "locked": {
        "lastModified": 1680978224,
        "narHash": "sha256-+xT9B1ZbhMg/zpJqd00S06UCZb/A2URW9bqqrZ/JTOg=",
        "owner": "nix-systems",
        "repo": "x86_64-darwin",
        "rev": "db0463cce4cd60fb791f33a83d29a1ed53edab9b",
        "type": "github"
      },
      "original": {
        "owner": "nix-systems",
        "repo": "x86_64-darwin",
        "type": "github"
      }
    },
    "nix-systems-x86_64-linux": {
      "locked": {
        "lastModified": 1680978846,
        "narHash": "sha256-Gtqg8b/v49BFDpDetjclCYXm8mAnTrUzR0JnE2nv5aw=",
        "owner": "nix-systems",
        "repo": "x86_64-linux",
        "rev": "2ecfcac5e15790ba6ce360ceccddb15ad16d08a8",
        "type": "github"
      },
      "original": {
        "owner": "nix-systems",
        "repo": "x86_64-linux",
        "type": "github"
      }
    },
    "nixpkgs": {
      "locked": {
        "lastModified": 1725194671,
        "narHash": "sha256-tLGCFEFTB5TaOKkpfw3iYT9dnk4awTP/q4w+ROpMfuw=",
        "owner": "nixos",
        "repo": "nixpkgs",
        "rev": "b833ff01a0d694b910daca6e2ff4a3f26dee478c",
        "type": "github"
      },
      "original": {
        "owner": "nixos",
        "ref": "nixpkgs-unstable",
        "repo": "nixpkgs",
        "type": "github"
      }
    },
    "root": {
      "inputs": {
        "cachix-push": "cachix-push",
        "devour-flake": "devour-flake",
        "flake-parts": "flake-parts",
        "inspect": "inspect",
        "nix-systems-aarch64-darwin": "nix-systems-aarch64-darwin",
        "nix-systems-aarch64-linux": "nix-systems-aarch64-linux",
        "nix-systems-x86_64-darwin": "nix-systems-x86_64-darwin",
        "nix-systems-x86_64-linux": "nix-systems-x86_64-linux",
        "nixpkgs": "nixpkgs",
        "rust-flake": "rust-flake",
        "systems": "systems",
        "treefmt-nix": "treefmt-nix"
      }
    },
    "rust-flake": {
      "inputs": {
        "crane": "crane",
        "nixpkgs": [
          "nixpkgs"
        ],
        "rust-overlay": "rust-overlay"
      },
      "locked": {
        "lastModified": 1730771644,
        "narHash": "sha256-VEF4j97cGWQSp/pSSWE6KtOvBf+4Ow2iNfhZ6DLgmSQ=",
        "owner": "juspay",
        "repo": "rust-flake",
        "rev": "cdc17a1d009674a9a23c7e4749baf474d2419f04",
        "type": "github"
      },
      "original": {
        "owner": "juspay",
        "repo": "rust-flake",
        "type": "github"
      }
    },
    "rust-overlay": {
      "flake": false,
      "locked": {
        "lastModified": 1725243956,
        "narHash": "sha256-0A5ZP8uDCyBdYUzayZfy6JFdTefP79oZVAjyqA/yuSI=",
        "owner": "oxalica",
        "repo": "rust-overlay",
        "rev": "a10c8092d5f82622be79ed4dd12289f72011f850",
        "type": "github"
      },
      "original": {
        "owner": "oxalica",
        "repo": "rust-overlay",
        "type": "github"
      }
    },
    "systems": {
      "locked": {
        "lastModified": 1681028828,
        "narHash": "sha256-Vy1rq5AaRuLzOxct8nz4T6wlgyUR7zLU309k9mBC768=",
        "owner": "nix-systems",
        "repo": "default",
        "rev": "da67096a3b9bf56a91d16901293e51ba5b49a27e",
        "type": "github"
      },
      "original": {
        "owner": "nix-systems",
        "repo": "default",
        "type": "github"
      }
    },
    "treefmt-nix": {
      "inputs": {
        "nixpkgs": [
          "nixpkgs"
        ]
      },
      "locked": {
        "lastModified": 1724338379,
        "narHash": "sha256-kKJtaiU5Ou+e/0Qs7SICXF22DLx4V/WhG1P6+k4yeOE=",
        "owner": "numtide",
        "repo": "treefmt-nix",
        "rev": "070f834771efa715f3e74cd8ab93ecc96fabc951",
        "type": "github"
      },
      "original": {
        "owner": "numtide",
        "repo": "treefmt-nix",
        "type": "github"
      }
    }
  },
  "root": "root",
  "version": 7
}
