{
  "nodes": {
    "cargo-doc-live": {
      "locked": {
        "lastModified": 1692743000,
        "narHash": "sha256-7lxG/r72hECceIir+Y+N3vM0f7FcudZD5cq+KhZj4MI=",
        "owner": "srid",
        "repo": "cargo-doc-live",
        "rev": "575b9d0733cac0448219d7bc5746ebd594baedb5",
        "type": "github"
      },
      "original": {
        "owner": "srid",
        "repo": "cargo-doc-live",
        "type": "github"
      }
    },
    "crane": {
      "inputs": {
        "nixpkgs": [
          "nixpkgs"
        ]
      },
      "locked": {
        "lastModified": 1699548976,
        "narHash": "sha256-xnpxms0koM8mQpxIup9JnT0F7GrKdvv0QvtxvRuOYR4=",
        "owner": "ipetkov",
        "repo": "crane",
        "rev": "6849911446e18e520970cc6b7a691e64ee90d649",
        "type": "github"
      },
      "original": {
        "owner": "ipetkov",
        "repo": "crane",
        "type": "github"
      }
    },
    "dioxus-desktop-template": {
      "flake": false,
      "locked": {
        "lastModified": 1697897980,
        "narHash": "sha256-rjYe8nyTmCWjhzDM+QlA/4hXZY/cAD9XCxJ5cXVpr2Q=",
        "owner": "srid",
        "repo": "dioxus-desktop-template",
        "rev": "05fe1668aa473dd6b3520e4182ff08fa0d4edab8",
        "type": "github"
      },
      "original": {
        "owner": "srid",
        "repo": "dioxus-desktop-template",
        "type": "github"
      }
    },
    "flake-parts": {
      "inputs": {
        "nixpkgs-lib": "nixpkgs-lib"
      },
      "locked": {
        "lastModified": 1698882062,
        "narHash": "sha256-HkhafUayIqxXyHH1X8d9RDl1M2CkFgZLjKD3MzabiEo=",
        "owner": "hercules-ci",
        "repo": "flake-parts",
        "rev": "8c9fa2545007b49a5db5f650ae91f227672c3877",
        "type": "github"
      },
      "original": {
        "owner": "hercules-ci",
        "repo": "flake-parts",
        "type": "github"
      }
    },
    "flake-utils": {
      "inputs": {
        "systems": "systems"
      },
      "locked": {
        "lastModified": 1681202837,
        "narHash": "sha256-H+Rh19JDwRtpVPAWp64F+rlEtxUWBAQW28eAi3SRSzg=",
        "owner": "numtide",
        "repo": "flake-utils",
        "rev": "cfacdce06f30d2b68473a46042957675eebb3401",
        "type": "github"
      },
      "original": {
        "owner": "numtide",
        "repo": "flake-utils",
        "type": "github"
      }
    },
    "nixpkgs": {
      "locked": {
        "lastModified": 1699725108,
        "narHash": "sha256-NTiPW4jRC+9puakU4Vi8WpFEirhp92kTOSThuZke+FA=",
        "owner": "nixos",
        "repo": "nixpkgs",
        "rev": "911ad1e67f458b6bcf0278fa85e33bb9924fed7e",
        "type": "github"
      },
      "original": {
        "owner": "nixos",
        "ref": "nixpkgs-unstable",
        "repo": "nixpkgs",
        "type": "github"
      }
    },
    "nixpkgs-lib": {
      "locked": {
        "dir": "lib",
        "lastModified": 1698611440,
        "narHash": "sha256-jPjHjrerhYDy3q9+s5EAsuhyhuknNfowY6yt6pjn9pc=",
        "owner": "NixOS",
        "repo": "nixpkgs",
        "rev": "0cbe9f69c234a7700596e943bfae7ef27a31b735",
        "type": "github"
      },
      "original": {
        "dir": "lib",
        "owner": "NixOS",
        "ref": "nixos-unstable",
        "repo": "nixpkgs",
        "type": "github"
      }
    },
    "nixpkgs_2": {
      "locked": {
        "lastModified": 1681358109,
        "narHash": "sha256-eKyxW4OohHQx9Urxi7TQlFBTDWII+F+x2hklDOQPB50=",
        "owner": "NixOS",
        "repo": "nixpkgs",
        "rev": "96ba1c52e54e74c3197f4d43026b3f3d92e83ff9",
        "type": "github"
      },
      "original": {
        "owner": "NixOS",
        "ref": "nixpkgs-unstable",
        "repo": "nixpkgs",
        "type": "github"
      }
    },
    "process-compose-flake": {
      "locked": {
        "lastModified": 1698517360,
        "narHash": "sha256-u10MVmhHEqVa0u5TnZzeprjfZgB5H/2JDBoIyeNyR+c=",
        "owner": "Platonic-Systems",
        "repo": "process-compose-flake",
        "rev": "ea1607cead57ce72dd06e178b4d55884a3be8854",
        "type": "github"
      },
      "original": {
        "owner": "Platonic-Systems",
        "repo": "process-compose-flake",
        "type": "github"
      }
    },
    "root": {
      "inputs": {
        "cargo-doc-live": "cargo-doc-live",
        "crane": "crane",
        "dioxus-desktop-template": "dioxus-desktop-template",
        "flake-parts": "flake-parts",
        "nixpkgs": "nixpkgs",
        "process-compose-flake": "process-compose-flake",
        "rust-overlay": "rust-overlay",
        "systems": "systems_2",
        "treefmt-nix": "treefmt-nix"
      }
    },
    "rust-overlay": {
      "inputs": {
        "flake-utils": "flake-utils",
        "nixpkgs": "nixpkgs_2"
      },
      "locked": {
        "lastModified": 1699755324,
        "narHash": "sha256-DJBtQB5VIUXJZwVrhgkKOH8g2wTJFHe+5Dc2oJjpcNs=",
        "owner": "oxalica",
        "repo": "rust-overlay",
        "rev": "d15b1b2be8daba77c80ee6716616e5c841d3ab14",
        "type": "github"
      },
      "original": {
        "owner": "oxalica",
        "repo": "rust-overlay",
        "type": "github"
      }
    },
    "systems": {
      "locked": {
        "lastModified": 1681028828,
        "narHash": "sha256-Vy1rq5AaRuLzOxct8nz4T6wlgyUR7zLU309k9mBC768=",
        "owner": "nix-systems",
        "repo": "default",
        "rev": "da67096a3b9bf56a91d16901293e51ba5b49a27e",
        "type": "github"
      },
      "original": {
        "owner": "nix-systems",
        "repo": "default",
        "type": "github"
      }
    },
    "systems_2": {
      "locked": {
        "lastModified": 1681028828,
        "narHash": "sha256-Vy1rq5AaRuLzOxct8nz4T6wlgyUR7zLU309k9mBC768=",
        "owner": "nix-systems",
        "repo": "default",
        "rev": "da67096a3b9bf56a91d16901293e51ba5b49a27e",
        "type": "github"
      },
      "original": {
        "owner": "nix-systems",
        "repo": "default",
        "type": "github"
      }
    },
    "treefmt-nix": {
      "inputs": {
        "nixpkgs": [
          "nixpkgs"
        ]
      },
      "locked": {
        "lastModified": 1699786194,
        "narHash": "sha256-3h3EH1FXQkIeAuzaWB+nK0XK54uSD46pp+dMD3gAcB4=",
        "owner": "numtide",
        "repo": "treefmt-nix",
        "rev": "e82f32aa7f06bbbd56d7b12186d555223dc399d1",
        "type": "github"
      },
      "original": {
        "owner": "numtide",
        "repo": "treefmt-nix",
        "type": "github"
      }
    }
  },
  "root": "root",
  "version": 7
}
