{
  "nodes": {
    "flake-schemas": {
      "locked": {
        "lastModified": 1721999734,
        "narHash": "sha256-G5CxYeJVm4lcEtaO87LKzOsVnWeTcHGKbKxNamNWgOw=",
        "owner": "DeterminateSystems",
        "repo": "flake-schemas",
        "rev": "0a5c42297d870156d9c57d8f99e476b738dcd982",
        "type": "github"
      },
      "original": {
        "owner": "DeterminateSystems",
        "repo": "flake-schemas",
        "type": "github"
      }
    },
    "root": {
      "inputs": {
        "flake-schemas": "flake-schemas"
      }
    }
  },
  "root": "root",
  "version": 7
}
