{
  "nodes": {
    "haskell-flake": {
      "flake": false,
      "locked": {
        "lastModified": 1731272671,
        "narHash": "sha256-QS+dOZzsqLJ8NjhLCHp3zKD+d9nUThL/pcA4U0TlYBs=",
        "owner": "srid",
        "repo": "haskell-flake",
        "rev": "f42037d5e1a4ab012fc6783e2857e8dad511518c",
        "type": "github"
      },
      "original": {
        "owner": "srid",
        "repo": "haskell-flake",
        "type": "github"
      }
    },
    "haskell-template": {
      "flake": false,
      "locked": {
        "lastModified": 1730305293,
        "narHash": "sha256-S4aW54VSjh3nHn+1kKjxk+hoqODfPQkJc3QzvY/yvvk=",
        "owner": "srid",
        "repo": "haskell-template",
        "rev": "5ee2fbcf7984a8cd685984eeb58cb96b47f90f1b",
        "type": "github"
      },
      "original": {
        "owner": "srid",
        "repo": "haskell-template",
        "type": "github"
      }
    },
    "nixos-unified-template": {
      "flake": false,
      "locked": {
        "lastModified": 1731335978,
        "narHash": "sha256-yxGFTgYfKdnub7ElY1AtdmWSFFQa9GtgA48su1lD764=",
        "owner": "juspay",
        "repo": "nixos-unified-template",
        "rev": "ceda317722dcb78239826fbeab7cfe818889a12c",
        "type": "github"
      },
      "original": {
        "owner": "juspay",
        "repo": "nixos-unified-template",
        "type": "github"
      }
    },
    "root": {
      "inputs": {
        "haskell-flake": "haskell-flake",
        "haskell-template": "haskell-template",
        "nixos-unified-template": "nixos-unified-template",
        "rust-nix-template": "rust-nix-template"
      }
    },
    "rust-nix-template": {
      "flake": false,
      "locked": {
        "lastModified": 1729171644,
        "narHash": "sha256-17ROVavzUTde/3b2tCc0HopqYIxrhEnj0DlgmGLitYM=",
        "owner": "srid",
        "repo": "rust-nix-template",
        "rev": "78dac57bcbb9199ed258108af6e0e727b9ad4436",
        "type": "github"
      },
      "original": {
        "owner": "srid",
        "repo": "rust-nix-template",
        "type": "github"
      }
    }
  },
  "root": "root",
  "version": 7
}
