{
  "nodes": {
    "haskell-flake": {
      "flake": false,
      "locked": {
        "lastModified": 1738519333,
        "narHash": "sha256-QK7DIUmUC76cEBlntkDyBrhrZMD5fioCT2Xd6RbA8a8=",
        "owner": "srid",
        "repo": "haskell-flake",
        "rev": "dcca937807b7190934118ae476865301885aef15",
        "type": "github"
      },
      "original": {
        "owner": "srid",
        "repo": "haskell-flake",
        "type": "github"
      }
    },
    "haskell-template": {
      "flake": false,
      "locked": {
        "lastModified": 1736644277,
        "narHash": "sha256-Ly3V02KSZJp8qy1wfs/G3pR9hUKvGgy3ccsOqERvpUM=",
        "owner": "srid",
        "repo": "haskell-template",
        "rev": "040fd44ddbc5db7d98c9ac6fbe1f6e73fb3858da",
        "type": "github"
      },
      "original": {
        "owner": "srid",
        "repo": "haskell-template",
        "type": "github"
      }
    },
    "nixos-unified-template": {
      "flake": false,
      "locked": {
        "lastModified": 1738508759,
        "narHash": "sha256-wlUwLtlxWoFCFWc0KU8uLkelIdVX4r1wVoi684CZ1kk=",
        "owner": "juspay",
        "repo": "nixos-unified-template",
        "rev": "52f35babfb67c02852112241f6acff564987f653",
        "type": "github"
      },
      "original": {
        "owner": "juspay",
        "repo": "nixos-unified-template",
        "type": "github"
      }
    },
    "root": {
      "inputs": {
        "haskell-flake": "haskell-flake",
        "haskell-template": "haskell-template",
        "nixos-unified-template": "nixos-unified-template",
        "rust-nix-template": "rust-nix-template"
      }
    },
    "rust-nix-template": {
      "flake": false,
      "locked": {
        "lastModified": 1736864373,
        "narHash": "sha256-BvcsaG/44F9pKpBPyyD9KYJs64CgwEQCbe7D5+SXx4w=",
        "owner": "srid",
        "repo": "rust-nix-template",
        "rev": "4de44654f660977eacdaefd32c78f3129d9235b3",
        "type": "github"
      },
      "original": {
        "owner": "srid",
        "repo": "rust-nix-template",
        "type": "github"
      }
    }
  },
  "root": "root",
  "version": 7
}
